
Microsoft Visual Studio Solution File, Format Version 12.00
# Visual Studio Version 17
VisualStudioVersion = 17.14.37314.3
MinimumVisualStudioVersion = 10.0.40219.1
Project("{2150E333-8FDC-42A3-9474-1A3956D46DE8}") = "Specs", "Specs", "{6C83A596-D32D-B35F-00DD-F0C99B673980}"
	ProjectSection(SolutionItems) = preProject
		Specs\complianceSpec.md = Specs\complianceSpec.md
	EndProjectSection
EndProject
Project("{FAE04EC0-301F-11D3-BF4B-00C04F79EFBC}") = "Compliance.Domain", "Compliance.Domain\Compliance.Domain.csproj", "{DE177AA4-89B2-47BC-9032-35CD4A98C1BE}"
EndProject
Project("{FAE04EC0-301F-11D3-BF4B-00C04F79EFBC}") = "Compliance.Application", "Compliance.Application\Compliance.Application.csproj", "{DD03D600-AAC2-4EF1-8306-0BFC3A8937B1}"
EndProject
Project("{FAE04EC0-301F-11D3-BF4B-00C04F79EFBC}") = "Compliance.Infrastructure", "Compliance.Infrastructure\Compliance.Infrastructure.csproj", "{B09BDD02-1105-4D31-8CDF-9DF0BEA66A09}"
EndProject
Project("{FAE04EC0-301F-11D3-BF4B-00C04F79EFBC}") = "Compliance.Api", "Compliance.Api\Compliance.Api.csproj", "{203F228F-642C-4832-B580-6C39C926617B}"
EndProject
Project("{FAE04EC0-301F-11D3-BF4B-00C04F79EFBC}") = "Compliance.Tests", "Compliance.Tests\Compliance.Tests.csproj", "{F0C5E8A4-8A83-46E5-A6BA-2A6D4A49F0B1}"
EndProject
Project("{FAE04EC0-301F-11D3-BF4B-00C04F79EFBC}") = "AiSquad.Cli", "AiSquad.Cli\AiSquad.Cli.csproj", "{B623D0C8-67DC-47A1-8E74-C1624B20C268}"
EndProject
Global
	GlobalSection(SolutionConfigurationPlatforms) = preSolution
		Debug|Any CPU = Debug|Any CPU
		Debug|x64 = Debug|x64
		Debug|x86 = Debug|x86
		Release|Any CPU = Release|Any CPU
		Release|x64 = Release|x64
		Release|x86 = Release|x86
	EndGlobalSection
	GlobalSection(ProjectConfigurationPlatforms) = postSolution
		{DE177AA4-89B2-47BC-9032-35CD4A98C1BE}.Debug|Any CPU.ActiveCfg = Debug|Any CPU
		{DE177AA4-89B2-47BC-9032-35CD4A98C1BE}.Debug|Any CPU.Build.0 = Debug|Any CPU
		{DE177AA4-89B2-47BC-9032-35CD4A98C1BE}.Debug|x64.ActiveCfg = Debug|Any CPU
		{DE177AA4-89B2-47BC-9032-35CD4A98C1BE}.Debug|x64.Build.0 = Debug|Any CPU
		{DE177AA4-89B2-47BC-9032-35CD4A98C1BE}.Debug|x86.ActiveCfg = Debug|Any CPU
		{DE177AA4-89B2-47BC-9032-35CD4A98C1BE}.Debug|x86.Build.0 = Debug|Any CPU
		{DE177AA4-89B2-47BC-9032-35CD4A98C1BE}.Release|Any CPU.ActiveCfg = Release|Any CPU
		{DE177AA4-89B2-47BC-9032-35CD4A98C1BE}.Release|Any CPU.Build.0 = Release|Any CPU
		{DE177AA4-89B2-47BC-9032-35CD4A98C1BE}.Release|x64.ActiveCfg = Release|Any CPU
		{DE177AA4-89B2-47BC-9032-35CD4A98C1BE}.Release|x64.Build.0 = Release|Any CPU
		{DE177AA4-89B2-47BC-9032-35CD4A98C1BE}.Release|x86.ActiveCfg = Release|Any CPU
		{DE177AA4-89B2-47BC-9032-35CD4A98C1BE}.Release|x86.Build.0 = Release|Any CPU
		{DD03D600-AAC2-4EF1-8306-0BFC3A8937B1}.Debug|Any CPU.ActiveCfg = Debug|Any CPU
		{DD03D600-AAC2-4EF1-8306-0BFC3A8937B1}.Debug|Any CPU.Build.0 = Debug|Any CPU
		{DD03D600-AAC2-4EF1-8306-0BFC3A8937B1}.Debug|x64.ActiveCfg = Debug|Any CPU
		{DD03D600-AAC2-4EF1-8306-0BFC3A8937B1}.Debug|x64.Build.0 = Debug|Any CPU
		{DD03D600-AAC2-4EF1-8306-0BFC3A8937B1}.Debug|x86.ActiveCfg = Debug|Any CPU
		{DD03D600-AAC2-4EF1-8306-0BFC3A8937B1}.Debug|x86.Build.0 = Debug|Any CPU
		{DD03D600-AAC2-4EF1-8306-0BFC3A8937B1}.Release|Any CPU.ActiveCfg = Release|Any CPU
		{DD03D600-AAC2-4EF1-8306-0BFC3A8937B1}.Release|Any CPU.Build.0 = Release|Any CPU
		{DD03D600-AAC2-4EF1-8306-0BFC3A8937B1}.Release|x64.ActiveCfg = Release|Any CPU
		{DD03D600-AAC2-4EF1-8306-0BFC3A8937B1}.Release|x64.Build.0 = Release|Any CPU
		{DD03D600-AAC2-4EF1-8306-0BFC3A8937B1}.Release|x86.ActiveCfg = Release|Any CPU
		{DD03D600-AAC2-4EF1-8306-0BFC3A8937B1}.Release|x86.Build.0 = Release|Any CPU
		{B09BDD02-1105-4D31-8CDF-9DF0BEA66A09}.Debug|Any CPU.ActiveCfg = Debug|Any CPU
		{B09BDD02-1105-4D31-8CDF-9DF0BEA66A09}.Debug|Any CPU.Build.0 = Debug|Any CPU
		{B09BDD02-1105-4D31-8CDF-9DF0BEA66A09}.Debug|x64.ActiveCfg = Debug|Any CPU
		{B09BDD02-1105-4D31-8CDF-9DF0BEA66A09}.Debug|x64.Build.0 = Debug|Any CPU
		{B09BDD02-1105-4D31-8CDF-9DF0BEA66A09}.Debug|x86.ActiveCfg = Debug|Any CPU
		{B09BDD02-1105-4D31-8CDF-9DF0BEA66A09}.Debug|x86.Build.0 = Debug|Any CPU
		{B09BDD02-1105-4D31-8CDF-9DF0BEA66A09}.Release|Any CPU.ActiveCfg = Release|Any CPU
		{B09BDD02-1105-4D31-8CDF-9DF0BEA66A09}.Release|Any CPU.Build.0 = Release|Any CPU
		{B09BDD02-1105-4D31-8CDF-9DF0BEA66A09}.Release|x64.ActiveCfg = Release|Any CPU
		{B09BDD02-1105-4D31-8CDF-9DF0BEA66A09}.Release|x64.Build.0 = Release|Any CPU
		{B09BDD02-1105-4D31-8CDF-9DF0BEA66A09}.Release|x86.ActiveCfg = Release|Any CPU
		{B09BDD02-1105-4D31-8CDF-9DF0BEA66A09}.Release|x86.Build.0 = Release|Any CPU
		{203F228F-642C-4832-B580-6C39C926617B}.Debug|Any CPU.ActiveCfg = Debug|Any CPU
		{203F228F-642C-4832-B580-6C39C926617B}.Debug|Any CPU.Build.0 = Debug|Any CPU
		{203F228F-642C-4832-B580-6C39C926617B}.Debug|x64.ActiveCfg = Debug|Any CPU
		{203F228F-642C-4832-B580-6C39C926617B}.Debug|x64.Build.0 = Debug|Any CPU
		{203F228F-642C-4832-B580-6C39C926617B}.Debug|x86.ActiveCfg = Debug|Any CPU
		{203F228F-642C-4832-B580-6C39C926617B}.Debug|x86.Build.0 = Debug|Any CPU
		{203F228F-642C-4832-B580-6C39C926617B}.Release|Any CPU.ActiveCfg = Release|Any CPU
		{203F228F-642C-4832-B580-6C39C926617B}.Release|Any CPU.Build.0 = Release|Any CPU
		{203F228F-642C-4832-B580-6C39C926617B}.Release|x64.ActiveCfg = Release|Any CPU
		{203F228F-642C-4832-B580-6C39C926617B}.Release|x64.Build.0 = Release|Any CPU
		{203F228F-642C-4832-B580-6C39C926617B}.Release|x86.ActiveCfg = Release|Any CPU
		{203F228F-642C-4832-B580-6C39C926617B}.Release|x86.Build.0 = Release|Any CPU
		{F0C5E8A4-8A83-46E5-A6BA-2A6D4A49F0B1}.Debug|Any CPU.ActiveCfg = Debug|Any CPU
		{F0C5E8A4-8A83-46E5-A6BA-2A6D4A49F0B1}.Debug|Any CPU.Build.0 = Debug|Any CPU
		{F0C5E8A4-8A83-46E5-A6BA-2A6D4A49F0B1}.Debug|x64.ActiveCfg = Debug|Any CPU
		{F0C5E8A4-8A83-46E5-A6BA-2A6D4A49F0B1}.Debug|x64.Build.0 = Debug|Any CPU
		{F0C5E8A4-8A83-46E5-A6BA-2A6D4A49F0B1}.Debug|x86.ActiveCfg = Debug|Any CPU
		{F0C5E8A4-8A83-46E5-A6BA-2A6D4A49F0B1}.Debug|x86.Build.0 = Debug|Any CPU
		{F0C5E8A4-8A83-46E5-A6BA-2A6D4A49F0B1}.Release|Any CPU.ActiveCfg = Release|Any CPU
		{F0C5E8A4-8A83-46E5-A6BA-2A6D4A49F0B1}.Release|Any CPU.Build.0 = Release|Any CPU
		{F0C5E8A4-8A83-46E5-A6BA-2A6D4A49F0B1}.Release|x64.ActiveCfg = Release|Any CPU
		{F0C5E8A4-8A83-46E5-A6BA-2A6D4A49F0B1}.Release|x64.Build.0 = Release|Any CPU
		{F0C5E8A4-8A83-46E5-A6BA-2A6D4A49F0B1}.Release|x86.ActiveCfg = Release|Any CPU
		{F0C5E8A4-8A83-46E5-A6BA-2A6D4A49F0B1}.Release|x86.Build.0 = Release|Any CPU
		{B623D0C8-67DC-47A1-8E74-C1624B20C268}.Debug|Any CPU.ActiveCfg = Debug|Any CPU
		{B623D0C8-67DC-47A1-8E74-C1624B20C268}.Debug|Any CPU.Build.0 = Debug|Any CPU
		{B623D0C8-67DC-47A1-8E74-C1624B20C268}.Debug|x64.ActiveCfg = Debug|Any CPU
		{B623D0C8-67DC-47A1-8E74-C1624B20C268}.Debug|x64.Build.0 = Debug|Any CPU
		{B623D0C8-67DC-47A1-8E74-C1624B20C268}.Debug|x86.ActiveCfg = Debug|Any CPU
		{B623D0C8-67DC-47A1-8E74-C1624B20C268}.Debug|x86.Build.0 = Debug|Any CPU
		{B623D0C8-67DC-47A1-8E74-C1624B20C268}.Release|Any CPU.ActiveCfg = Release|Any CPU
		{B623D0C8-67DC-47A1-8E74-C1624B20C268}.Release|Any CPU.Build.0 = Release|Any CPU
		{B623D0C8-67DC-47A1-8E74-C1624B20C268}.Release|x64.ActiveCfg = Release|Any CPU
		{B623D0C8-67DC-47A1-8E74-C1624B20C268}.Release|x64.Build.0 = Release|Any CPU
		{B623D0C8-67DC-47A1-8E74-C1624B20C268}.Release|x86.ActiveCfg = Release|Any CPU
		{B623D0C8-67DC-47A1-8E74-C1624B20C268}.Release|x86.Build.0 = Release|Any CPU
	EndGlobalSection
	GlobalSection(SolutionProperties) = preSolution
		HideSolutionNode = FALSE
	EndGlobalSection
	GlobalSection(ExtensibilityGlobals) = postSolution
		SolutionGuid = {855AC0B9-61C8-4FD2-AAB2-57C37D239E5A}
	EndGlobalSection
EndGlobal
